// !$*UTF8*$!
{
	archiveVersion = 1;
	classes = {
	};
	objectVersion = 77;
	objects = {

/* Begin PBXBuildFile section */
		5F74EAFE2C9AB4DD00BFCD5E /* FirebaseDatabase in Frameworks */ = {isa = PBXBuildFile; productRef = 5F74EAFD2C9AB4DD00BFCD5E /* FirebaseDatabase */; };
		5FE81DE12C9ABA27002CFB10 /* SDWebImageSwiftUI in Frameworks */ = {isa = PBXBuildFile; productRef = 5FE81DE02C9ABA27002CFB10 /* SDWebImageSwiftUI */; };
/* End PBXBuildFile section */

/* Begin PBXContainerItemProxy section */
		5F74EADC2C9AB2B800BFCD5E /* PBXContainerItemProxy */ = {
			isa = PBXContainerItemProxy;
			containerPortal = 5F74EAC32C9AB2B700BFCD5E /* Project object */;
			proxyType = 1;
			remoteGlobalIDString = 5F74EACA2C9AB2B700BFCD5E;
			remoteInfo = Zaideih;
		};
		5F74EAE62C9AB2B800BFCD5E /* PBXContainerItemProxy */ = {
			isa = PBXContainerItemProxy;
			containerPortal = 5F74EAC32C9AB2B700BFCD5E /* Project object */;
			proxyType = 1;
			remoteGlobalIDString = 5F74EACA2C9AB2B700BFCD5E;
			remoteInfo = Zaideih;
		};
/* End PBXContainerItemProxy section */

/* Begin PBXFileReference section */
		5F74EACB2C9AB2B700BFCD5E /* Zaideih.app */ = {isa = PBXFileReference; explicitFileType = wrapper.application; includeInIndex = 0; path = Zaideih.app; sourceTree = BUILT_PRODUCTS_DIR; };
		5F74EADB2C9AB2B800BFCD5E /* ZaideihTests.xctest */ = {isa = PBXFileReference; explicitFileType = wrapper.cfbundle; includeInIndex = 0; path = ZaideihTests.xctest; sourceTree = BUILT_PRODUCTS_DIR; };
		5F74EAE52C9AB2B800BFCD5E /* ZaideihUITests.xctest */ = {isa = PBXFileReference; explicitFileType = wrapper.cfbundle; includeInIndex = 0; path = ZaideihUITests.xctest; sourceTree = BUILT_PRODUCTS_DIR; };
/* End PBXFileReference section */

/* Begin PBXFileSystemSynchronizedBuildFileExceptionSet section */
		5FDBED162D496B1F004943D3 /* Exceptions for "Zaideih" folder in "Zaideih" target */ = {
			isa = PBXFileSystemSynchronizedBuildFileExceptionSet;
			membershipExceptions = (
				Info.plist,
			);
			target = 5F74EACA2C9AB2B700BFCD5E /* Zaideih */;
		};
/* End PBXFileSystemSynchronizedBuildFileExceptionSet section */

/* Begin PBXFileSystemSynchronizedRootGroup section */
		5F74EACD2C9AB2B700BFCD5E /* Zaideih */ = {
			isa = PBXFileSystemSynchronizedRootGroup;
			exceptions = (
				5FDBED162D496B1F004943D3 /* Exceptions for "Zaideih" folder in "Zaideih" target */,
			);
			path = Zaideih;
			sourceTree = "<group>";
		};
		5F74EADE2C9AB2B800BFCD5E /* ZaideihTests */ = {
			isa = PBXFileSystemSynchronizedRootGroup;
			path = ZaideihTests;
			sourceTree = "<group>";
		};
		5F74EAE82C9AB2B800BFCD5E /* ZaideihUITests */ = {
			isa = PBXFileSystemSynchronizedRootGroup;
			path = ZaideihUITests;
			sourceTree = "<group>";
		};
/* End PBXFileSystemSynchronizedRootGroup section */

/* Begin PBXFrameworksBuildPhase section */
		5F74EAC82C9AB2B700BFCD5E /* Frameworks */ = {
			isa = PBXFrameworksBuildPhase;
			buildActionMask = 2147483647;
			files = (
				5FE81DE12C9ABA27002CFB10 /* SDWebImageSwiftUI in Frameworks */,
				5F74EAFE2C9AB4DD00BFCD5E /* FirebaseDatabase in Frameworks */,
			);
			runOnlyForDeploymentPostprocessing = 0;
		};
		5F74EAD82C9AB2B800BFCD5E /* Frameworks */ = {
			isa = PBXFrameworksBuildPhase;
			buildActionMask = 2147483647;
			files = (
			);
			runOnlyForDeploymentPostprocessing = 0;
		};
		5F74EAE22C9AB2B800BFCD5E /* Frameworks */ = {
			isa = PBXFrameworksBuildPhase;
			buildActionMask = 2147483647;
			files = (
			);
			runOnlyForDeploymentPostprocessing = 0;
		};
/* End PBXFrameworksBuildPhase section */

/* Begin PBXGroup section */
		5F74EAC22C9AB2B700BFCD5E = {
			isa = PBXGroup;
			children = (
				5F74EACD2C9AB2B700BFCD5E /* Zaideih */,
				5F74EADE2C9AB2B800BFCD5E /* ZaideihTests */,
				5F74EAE82C9AB2B800BFCD5E /* ZaideihUITests */,
				5F74EACC2C9AB2B700BFCD5E /* Products */,
			);
			sourceTree = "<group>";
		};
		5F74EACC2C9AB2B700BFCD5E /* Products */ = {
			isa = PBXGroup;
			children = (
				5F74EACB2C9AB2B700BFCD5E /* Zaideih.app */,
				5F74EADB2C9AB2B800BFCD5E /* ZaideihTests.xctest */,
				5F74EAE52C9AB2B800BFCD5E /* ZaideihUITests.xctest */,
			);
			name = Products;
			sourceTree = "<group>";
		};
/* End PBXGroup section */

/* Begin PBXNativeTarget section */
		5F74EACA2C9AB2B700BFCD5E /* Zaideih */ = {
			isa = PBXNativeTarget;
			buildConfigurationList = 5F74EAEF2C9AB2B800BFCD5E /* Build configuration list for PBXNativeTarget "Zaideih" */;
			buildPhases = (
				5F74EAC72C9AB2B700BFCD5E /* Sources */,
				5F74EAC82C9AB2B700BFCD5E /* Frameworks */,
				5F74EAC92C9AB2B700BFCD5E /* Resources */,
			);
			buildRules = (
			);
			dependencies = (
			);
			fileSystemSynchronizedGroups = (
				5F74EACD2C9AB2B700BFCD5E /* Zaideih */,
			);
			name = Zaideih;
			packageProductDependencies = (
				5F74EAFD2C9AB4DD00BFCD5E /* FirebaseDatabase */,
				5FE81DE02C9ABA27002CFB10 /* SDWebImageSwiftUI */,
			);
			productName = Zaideih;
			productReference = 5F74EACB2C9AB2B700BFCD5E /* Zaideih.app */;
			productType = "com.apple.product-type.application";
		};
		5F74EADA2C9AB2B800BFCD5E /* ZaideihTests */ = {
			isa = PBXNativeTarget;
			buildConfigurationList = 5F74EAF22C9AB2B800BFCD5E /* Build configuration list for PBXNativeTarget "ZaideihTests" */;
			buildPhases = (
				5F74EAD72C9AB2B800BFCD5E /* Sources */,
				5F74EAD82C9AB2B800BFCD5E /* Frameworks */,
				5F74EAD92C9AB2B800BFCD5E /* Resources */,
			);
			buildRules = (
			);
			dependencies = (
				5F74EADD2C9AB2B800BFCD5E /* PBXTargetDependency */,
			);
			fileSystemSynchronizedGroups = (
				5F74EADE2C9AB2B800BFCD5E /* ZaideihTests */,
			);
			name = ZaideihTests;
			packageProductDependencies = (
			);
			productName = ZaideihTests;
			productReference = 5F74EADB2C9AB2B800BFCD5E /* ZaideihTests.xctest */;
			productType = "com.apple.product-type.bundle.unit-test";
		};
		5F74EAE42C9AB2B800BFCD5E /* ZaideihUITests */ = {
			isa = PBXNativeTarget;
			buildConfigurationList = 5F74EAF52C9AB2B800BFCD5E /* Build configuration list for PBXNativeTarget "ZaideihUITests" */;
			buildPhases = (
				5F74EAE12C9AB2B800BFCD5E /* Sources */,
				5F74EAE22C9AB2B800BFCD5E /* Frameworks */,
				5F74EAE32C9AB2B800BFCD5E /* Resources */,
			);
			buildRules = (
			);
			dependencies = (
				5F74EAE72C9AB2B800BFCD5E /* PBXTargetDependency */,
			);
			fileSystemSynchronizedGroups = (
				5F74EAE82C9AB2B800BFCD5E /* ZaideihUITests */,
			);
			name = ZaideihUITests;
			packageProductDependencies = (
			);
			productName = ZaideihUITests;
			productReference = 5F74EAE52C9AB2B800BFCD5E /* ZaideihUITests.xctest */;
			productType = "com.apple.product-type.bundle.ui-testing";
		};
/* End PBXNativeTarget section */

/* Begin PBXProject section */
		5F74EAC32C9AB2B700BFCD5E /* Project object */ = {
			isa = PBXProject;
			attributes = {
				BuildIndependentTargetsInParallel = 1;
				LastSwiftUpdateCheck = 1600;
				LastUpgradeCheck = 1600;
				TargetAttributes = {
					5F74EACA2C9AB2B700BFCD5E = {
						CreatedOnToolsVersion = 16.0;
					};
					5F74EADA2C9AB2B800BFCD5E = {
						CreatedOnToolsVersion = 16.0;
						TestTargetID = 5F74EACA2C9AB2B700BFCD5E;
					};
					5F74EAE42C9AB2B800BFCD5E = {
						CreatedOnToolsVersion = 16.0;
						TestTargetID = 5F74EACA2C9AB2B700BFCD5E;
					};
				};
			};
			buildConfigurationList = 5F74EAC62C9AB2B700BFCD5E /* Build configuration list for PBXProject "Zaideih" */;
			developmentRegion = en;
			hasScannedForEncodings = 0;
			knownRegions = (
				en,
				Base,
			);
			mainGroup = 5F74EAC22C9AB2B700BFCD5E;
			minimizedProjectReferenceProxies = 1;
			packageReferences = (
				5F74EAFC2C9AB4DD00BFCD5E /* XCRemoteSwiftPackageReference "firebase-ios-sdk" */,
				5FE81DD32C9AB80A002CFB10 /* XCRemoteSwiftPackageReference "SDWebImageSwiftUI" */,
			);
			preferredProjectObjectVersion = 77;
			productRefGroup = 5F74EACC2C9AB2B700BFCD5E /* Products */;
			projectDirPath = "";
			projectRoot = "";
			targets = (
				5F74EACA2C9AB2B700BFCD5E /* Zaideih */,
				5F74EADA2C9AB2B800BFCD5E /* ZaideihTests */,
				5F74EAE42C9AB2B800BFCD5E /* ZaideihUITests */,
			);
		};
/* End PBXProject section */

/* Begin PBXResourcesBuildPhase section */
		5F74EAC92C9AB2B700BFCD5E /* Resources */ = {
			isa = PBXResourcesBuildPhase;
			buildActionMask = 2147483647;
			files = (
			);
			runOnlyForDeploymentPostprocessing = 0;
		};
		5F74EAD92C9AB2B800BFCD5E /* Resources */ = {
			isa = PBXResourcesBuildPhase;
			buildActionMask = 2147483647;
			files = (
			);
			runOnlyForDeploymentPostprocessing = 0;
		};
		5F74EAE32C9AB2B800BFCD5E /* Resources */ = {
			isa = PBXResourcesBuildPhase;
			buildActionMask = 2147483647;
			files = (
			);
			runOnlyForDeploymentPostprocessing = 0;
		};
/* End PBXResourcesBuildPhase section */

/* Begin PBXSourcesBuildPhase section */
		5F74EAC72C9AB2B700BFCD5E /* Sources */ = {
			isa = PBXSourcesBuildPhase;
			buildActionMask = 2147483647;
			files = (
			);
			runOnlyForDeploymentPostprocessing = 0;
		};
		5F74EAD72C9AB2B800BFCD5E /* Sources */ = {
			isa = PBXSourcesBuildPhase;
			buildActionMask = 2147483647;
			files = (
			);
			runOnlyForDeploymentPostprocessing = 0;
		};
		5F74EAE12C9AB2B800BFCD5E /* Sources */ = {
			isa = PBXSourcesBuildPhase;
			buildActionMask = 2147483647;
			files = (
			);
			runOnlyForDeploymentPostprocessing = 0;
		};
/* End PBXSourcesBuildPhase section */

/* Begin PBXTargetDependency section */
		5F74EADD2C9AB2B800BFCD5E /* PBXTargetDependency */ = {
			isa = PBXTargetDependency;
			target = 5F74EACA2C9AB2B700BFCD5E /* Zaideih */;
			targetProxy = 5F74EADC2C9AB2B800BFCD5E /* PBXContainerItemProxy */;
		};
		5F74EAE72C9AB2B800BFCD5E /* PBXTargetDependency */ = {
			isa = PBXTargetDependency;
			target = 5F74EACA2C9AB2B700BFCD5E /* Zaideih */;
			targetProxy = 5F74EAE62C9AB2B800BFCD5E /* PBXContainerItemProxy */;
		};
/* End PBXTargetDependency section */

/* Begin XCBuildConfiguration section */
		5F74EAED2C9AB2B800BFCD5E /* Debug */ = {
			isa = XCBuildConfiguration;
			buildSettings = {
				ALWAYS_SEARCH_USER_PATHS = NO;
				ASSETCATALOG_COMPILER_GENERATE_SWIFT_ASSET_SYMBOL_EXTENSIONS = YES;
				CLANG_ANALYZER_NONNULL = YES;
				CLANG_ANALYZER_NUMBER_OBJECT_CONVERSION = YES_AGGRESSIVE;
				CLANG_CXX_LANGUAGE_STANDARD = "gnu++20";
				CLANG_ENABLE_MODULES = YES;
				CLANG_ENABLE_OBJC_ARC = YES;
				CLANG_ENABLE_OBJC_WEAK = YES;
				CLANG_WARN_BLOCK_CAPTURE_AUTORELEASING = YES;
				CLANG_WARN_BOOL_CONVERSION = YES;
				CLANG_WARN_COMMA = YES;
				CLANG_WARN_CONSTANT_CONVERSION = YES;
				CLANG_WARN_DEPRECATED_OBJC_IMPLEMENTATIONS = YES;
				CLANG_WARN_DIRECT_OBJC_ISA_USAGE = YES_ERROR;
				CLANG_WARN_DOCUMENTATION_COMMENTS = YES;
				CLANG_WARN_EMPTY_BODY = YES;
				CLANG_WARN_ENUM_CONVERSION = YES;
				CLANG_WARN_INFINITE_RECURSION = YES;
				CLANG_WARN_INT_CONVERSION = YES;
				CLANG_WARN_NON_LITERAL_NULL_CONVERSION = YES;
				CLANG_WARN_OBJC_IMPLICIT_RETAIN_SELF = YES;
				CLANG_WARN_OBJC_LITERAL_CONVERSION = YES;
				CLANG_WARN_OBJC_ROOT_CLASS = YES_ERROR;
				CLANG_WARN_QUOTED_INCLUDE_IN_FRAMEWORK_HEADER = YES;
				CLANG_WARN_RANGE_LOOP_ANALYSIS = YES;
				CLANG_WARN_STRICT_PROTOTYPES = YES;
				CLANG_WARN_SUSPICIOUS_MOVE = YES;
				CLANG_WARN_UNGUARDED_AVAILABILITY = YES_AGGRESSIVE;
				CLANG_WARN_UNREACHABLE_CODE = YES;
				CLANG_WARN__DUPLICATE_METHOD_MATCH = YES;
				COPY_PHASE_STRIP = NO;
				DEBUG_INFORMATION_FORMAT = dwarf;
				ENABLE_STRICT_OBJC_MSGSEND = YES;
				ENABLE_TESTABILITY = YES;
				ENABLE_USER_SCRIPT_SANDBOXING = YES;
				GCC_C_LANGUAGE_STANDARD = gnu17;
				GCC_DYNAMIC_NO_PIC = NO;
				GCC_NO_COMMON_BLOCKS = YES;
				GCC_OPTIMIZATION_LEVEL = 0;
				GCC_PREPROCESSOR_DEFINITIONS = (
					"DEBUG=1",
					"$(inherited)",
				);
				GCC_WARN_64_TO_32_BIT_CONVERSION = YES;
				GCC_WARN_ABOUT_RETURN_TYPE = YES_ERROR;
				GCC_WARN_UNDECLARED_SELECTOR = YES;
				GCC_WARN_UNINITIALIZED_AUTOS = YES_AGGRESSIVE;
				GCC_WARN_UNUSED_FUNCTION = YES;
				GCC_WARN_UNUSED_VARIABLE = YES;
				IPHONEOS_DEPLOYMENT_TARGET = 18.0;
				LOCALIZATION_PREFERS_STRING_CATALOGS = YES;
				MTL_ENABLE_DEBUG_INFO = INCLUDE_SOURCE;
				MTL_FAST_MATH = YES;
				ONLY_ACTIVE_ARCH = YES;
				SDKROOT = iphoneos;
				SWIFT_ACTIVE_COMPILATION_CONDITIONS = "DEBUG $(inherited)";
				SWIFT_OPTIMIZATION_LEVEL = "-Onone";
			};
			name = Debug;
		};
		5F74EAEE2C9AB2B800BFCD5E /* Release */ = {
			isa = XCBuildConfiguration;
			buildSettings = {
				ALWAYS_SEARCH_USER_PATHS = NO;
				ASSETCATALOG_COMPILER_GENERATE_SWIFT_ASSET_SYMBOL_EXTENSIONS = YES;
				CLANG_ANALYZER_NONNULL = YES;
				CLANG_ANALYZER_NUMBER_OBJECT_CONVERSION = YES_AGGRESSIVE;
				CLANG_CXX_LANGUAGE_STANDARD = "gnu++20";
				CLANG_ENABLE_MODULES = YES;
				CLANG_ENABLE_OBJC_ARC = YES;
				CLANG_ENABLE_OBJC_WEAK = YES;
				CLANG_WARN_BLOCK_CAPTURE_AUTORELEASING = YES;
				CLANG_WARN_BOOL_CONVERSION = YES;
				CLANG_WARN_COMMA = YES;
				CLANG_WARN_CONSTANT_CONVERSION = YES;
				CLANG_WARN_DEPRECATED_OBJC_IMPLEMENTATIONS = YES;
				CLANG_WARN_DIRECT_OBJC_ISA_USAGE = YES_ERROR;
				CLANG_WARN_DOCUMENTATION_COMMENTS = YES;
				CLANG_WARN_EMPTY_BODY = YES;
				CLANG_WARN_ENUM_CONVERSION = YES;
				CLANG_WARN_INFINITE_RECURSION = YES;
				CLANG_WARN_INT_CONVERSION = YES;
				CLANG_WARN_NON_LITERAL_NULL_CONVERSION = YES;
				CLANG_WARN_OBJC_IMPLICIT_RETAIN_SELF = YES;
				CLANG_WARN_OBJC_LITERAL_CONVERSION = YES;
				CLANG_WARN_OBJC_ROOT_CLASS = YES_ERROR;
				CLANG_WARN_QUOTED_INCLUDE_IN_FRAMEWORK_HEADER = YES;
				CLANG_WARN_RANGE_LOOP_ANALYSIS = YES;
				CLANG_WARN_STRICT_PROTOTYPES = YES;
				CLANG_WARN_SUSPICIOUS_MOVE = YES;
				CLANG_WARN_UNGUARDED_AVAILABILITY = YES_AGGRESSIVE;
				CLANG_WARN_UNREACHABLE_CODE = YES;
				CLANG_WARN__DUPLICATE_METHOD_MATCH = YES;
				COPY_PHASE_STRIP = NO;
				DEBUG_INFORMATION_FORMAT = "dwarf-with-dsym";
				ENABLE_NS_ASSERTIONS = NO;
				ENABLE_STRICT_OBJC_MSGSEND = YES;
				ENABLE_USER_SCRIPT_SANDBOXING = YES;
				GCC_C_LANGUAGE_STANDARD = gnu17;
				GCC_NO_COMMON_BLOCKS = YES;
				GCC_WARN_64_TO_32_BIT_CONVERSION = YES;
				GCC_WARN_ABOUT_RETURN_TYPE = YES_ERROR;
				GCC_WARN_UNDECLARED_SELECTOR = YES;
				GCC_WARN_UNINITIALIZED_AUTOS = YES_AGGRESSIVE;
				GCC_WARN_UNUSED_FUNCTION = YES;
				GCC_WARN_UNUSED_VARIABLE = YES;
				IPHONEOS_DEPLOYMENT_TARGET = 18.0;
				LOCALIZATION_PREFERS_STRING_CATALOGS = YES;
				MTL_ENABLE_DEBUG_INFO = NO;
				MTL_FAST_MATH = YES;
				SDKROOT = iphoneos;
				SWIFT_COMPILATION_MODE = wholemodule;
				VALIDATE_PRODUCT = YES;
			};
			name = Release;
		};
		5F74EAF02C9AB2B800BFCD5E /* Debug */ = {
			isa = XCBuildConfiguration;
			buildSettings = {
				ASSETCATALOG_COMPILER_APPICON_NAME = AppIcon;
				ASSETCATALOG_COMPILER_GLOBAL_ACCENT_COLOR_NAME = AccentColor;
				CODE_SIGN_STYLE = Automatic;
				CURRENT_PROJECT_VERSION = 1;
				DEVELOPMENT_ASSET_PATHS = "\"Zaideih/Preview Content\"";
				DEVELOPMENT_TEAM = 49B4GZHSP4;
				ENABLE_PREVIEWS = YES;
				GENERATE_INFOPLIST_FILE = YES;
				INFOPLIST_FILE = Zaideih/Info.plist;
				INFOPLIST_KEY_UIApplicationSceneManifest_Generation = YES;
				INFOPLIST_KEY_UIApplicationSupportsIndirectInputEvents = YES;
				INFOPLIST_KEY_UILaunchScreen_Generation = YES;
				INFOPLIST_KEY_UISupportedInterfaceOrientations_iPad = "UIInterfaceOrientationPortrait UIInterfaceOrientationPortraitUpsideDown UIInterfaceOrientationLandscapeLeft UIInterfaceOrientationLandscapeRight";
				INFOPLIST_KEY_UISupportedInterfaceOrientations_iPhone = "UIInterfaceOrientationPortrait UIInterfaceOrientationLandscapeLeft UIInterfaceOrientationLandscapeRight";
				IPHONEOS_DEPLOYMENT_TARGET = 16.6;
				LD_RUNPATH_SEARCH_PATHS = (
					"$(inherited)",
					"@executable_path/Frameworks",
				);
				MARKETING_VERSION = 1.0;
				PRODUCT_BUNDLE_IDENTIFIER = grace.Lungdam.Zaideih;
				PRODUCT_NAME = "$(TARGET_NAME)";
				SWIFT_EMIT_LOC_STRINGS = YES;
				SWIFT_VERSION = 5.0;
				TARGETED_DEVICE_FAMILY = "1,2";
			};
			name = Debug;
		};
		5F74EAF12C9AB2B800BFCD5E /* Release */ = {
			isa = XCBuildConfiguration;
			buildSettings = {
				ASSETCATALOG_COMPILER_APPICON_NAME = AppIcon;
				ASSETCATALOG_COMPILER_GLOBAL_ACCENT_COLOR_NAME = AccentColor;
				CODE_SIGN_STYLE = Automatic;
				CURRENT_PROJECT_VERSION = 1;
				DEVELOPMENT_ASSET_PATHS = "\"Zaideih/Preview Content\"";
				DEVELOPMENT_TEAM = 49B4GZHSP4;
				ENABLE_PREVIEWS = YES;
				GENERATE_INFOPLIST_FILE = YES;
				INFOPLIST_FILE = Zaideih/Info.plist;
				INFOPLIST_KEY_UIApplicationSceneManifest_Generation = YES;
				INFOPLIST_KEY_UIApplicationSupportsIndirectInputEvents = YES;
				INFOPLIST_KEY_UILaunchScreen_Generation = YES;
				INFOPLIST_KEY_UISupportedInterfaceOrientations_iPad = "UIInterfaceOrientationPortrait UIInterfaceOrientationPortraitUpsideDown UIInterfaceOrientationLandscapeLeft UIInterfaceOrientationLandscapeRight";
				INFOPLIST_KEY_UISupportedInterfaceOrientations_iPhone = "UIInterfaceOrientationPortrait UIInterfaceOrientationLandscapeLeft UIInterfaceOrientationLandscapeRight";
				IPHONEOS_DEPLOYMENT_TARGET = 16.6;
				LD_RUNPATH_SEARCH_PATHS = (
					"$(inherited)",
					"@executable_path/Frameworks",
				);
				MARKETING_VERSION = 1.0;
				PRODUCT_BUNDLE_IDENTIFIER = grace.Lungdam.Zaideih;
				PRODUCT_NAME = "$(TARGET_NAME)";
				SWIFT_EMIT_LOC_STRINGS = YES;
				SWIFT_VERSION = 5.0;
				TARGETED_DEVICE_FAMILY = "1,2";
			};
			name = Release;
		};
		5F74EAF32C9AB2B800BFCD5E /* Debug */ = {
			isa = XCBuildConfiguration;
			buildSettings = {
				BUNDLE_LOADER = "$(TEST_HOST)";
				CODE_SIGN_STYLE = Automatic;
				CURRENT_PROJECT_VERSION = 1;
				DEVELOPMENT_TEAM = 49B4GZHSP4;
				GENERATE_INFOPLIST_FILE = YES;
				IPHONEOS_DEPLOYMENT_TARGET = 18.0;
				MARKETING_VERSION = 1.0;
				PRODUCT_BUNDLE_IDENTIFIER = grace.Lungdam.ZaideihTests;
				PRODUCT_NAME = "$(TARGET_NAME)";
				SWIFT_EMIT_LOC_STRINGS = NO;
				SWIFT_VERSION = 5.0;
				TARGETED_DEVICE_FAMILY = "1,2";
				TEST_HOST = "$(BUILT_PRODUCTS_DIR)/Zaideih.app/$(BUNDLE_EXECUTABLE_FOLDER_PATH)/Zaideih";
			};
			name = Debug;
		};
		5F74EAF42C9AB2B800BFCD5E /* Release */ = {
			isa = XCBuildConfiguration;
			buildSettings = {
				BUNDLE_LOADER = "$(TEST_HOST)";
				CODE_SIGN_STYLE = Automatic;
				CURRENT_PROJECT_VERSION = 1;
				DEVELOPMENT_TEAM = 49B4GZHSP4;
				GENERATE_INFOPLIST_FILE = YES;
				IPHONEOS_DEPLOYMENT_TARGET = 18.0;
				MARKETING_VERSION = 1.0;
				PRODUCT_BUNDLE_IDENTIFIER = grace.Lungdam.ZaideihTests;
				PRODUCT_NAME = "$(TARGET_NAME)";
				SWIFT_EMIT_LOC_STRINGS = NO;
				SWIFT_VERSION = 5.0;
				TARGETED_DEVICE_FAMILY = "1,2";
				TEST_HOST = "$(BUILT_PRODUCTS_DIR)/Zaideih.app/$(BUNDLE_EXECUTABLE_FOLDER_PATH)/Zaideih";
			};
			name = Release;
		};
		5F74EAF62C9AB2B800BFCD5E /* Debug */ = {
			isa = XCBuildConfiguration;
			buildSettings = {
				CODE_SIGN_STYLE = Automatic;
				CURRENT_PROJECT_VERSION = 1;
				DEVELOPMENT_TEAM = 49B4GZHSP4;
				GENERATE_INFOPLIST_FILE = YES;
				MARKETING_VERSION = 1.0;
				PRODUCT_BUNDLE_IDENTIFIER = grace.Lungdam.ZaideihUITests;
				PRODUCT_NAME = "$(TARGET_NAME)";
				SWIFT_EMIT_LOC_STRINGS = NO;
				SWIFT_VERSION = 5.0;
				TARGETED_DEVICE_FAMILY = "1,2";
				TEST_TARGET_NAME = Zaideih;
			};
			name = Debug;
		};
		5F74EAF72C9AB2B800BFCD5E /* Release */ = {
			isa = XCBuildConfiguration;
			buildSettings = {
				CODE_SIGN_STYLE = Automatic;
				CURRENT_PROJECT_VERSION = 1;
				DEVELOPMENT_TEAM = 49B4GZHSP4;
				GENERATE_INFOPLIST_FILE = YES;
				MARKETING_VERSION = 1.0;
				PRODUCT_BUNDLE_IDENTIFIER = grace.Lungdam.ZaideihUITests;
				PRODUCT_NAME = "$(TARGET_NAME)";
				SWIFT_EMIT_LOC_STRINGS = NO;
				SWIFT_VERSION = 5.0;
				TARGETED_DEVICE_FAMILY = "1,2";
				TEST_TARGET_NAME = Zaideih;
			};
			name = Release;
		};
/* End XCBuildConfiguration section */

/* Begin XCConfigurationList section */
		5F74EAC62C9AB2B700BFCD5E /* Build configuration list for PBXProject "Zaideih" */ = {
			isa = XCConfigurationList;
			buildConfigurations = (
				5F74EAED2C9AB2B800BFCD5E /* Debug */,
				5F74EAEE2C9AB2B800BFCD5E /* Release */,
			);
			defaultConfigurationIsVisible = 0;
			defaultConfigurationName = Release;
		};
		5F74EAEF2C9AB2B800BFCD5E /* Build configuration list for PBXNativeTarget "Zaideih" */ = {
			isa = XCConfigurationList;
			buildConfigurations = (
				5F74EAF02C9AB2B800BFCD5E /* Debug */,
				5F74EAF12C9AB2B800BFCD5E /* Release */,
			);
			defaultConfigurationIsVisible = 0;
			defaultConfigurationName = Release;
		};
		5F74EAF22C9AB2B800BFCD5E /* Build configuration list for PBXNativeTarget "ZaideihTests" */ = {
			isa = XCConfigurationList;
			buildConfigurations = (
				5F74EAF32C9AB2B800BFCD5E /* Debug */,
				5F74EAF42C9AB2B800BFCD5E /* Release */,
			);
			defaultConfigurationIsVisible = 0;
			defaultConfigurationName = Release;
		};
		5F74EAF52C9AB2B800BFCD5E /* Build configuration list for PBXNativeTarget "ZaideihUITests" */ = {
			isa = XCConfigurationList;
			buildConfigurations = (
				5F74EAF62C9AB2B800BFCD5E /* Debug */,
				5F74EAF72C9AB2B800BFCD5E /* Release */,
			);
			defaultConfigurationIsVisible = 0;
			defaultConfigurationName = Release;
		};
/* End XCConfigurationList section */

/* Begin XCRemoteSwiftPackageReference section */
		5F74EAFC2C9AB4DD00BFCD5E /* XCRemoteSwiftPackageReference "firebase-ios-sdk" */ = {
			isa = XCRemoteSwiftPackageReference;
			repositoryURL = "https://github.com/firebase/firebase-ios-sdk";
			requirement = {
				kind = upToNextMajorVersion;
				minimumVersion = 11.2.0;
			};
		};
		5FE81DD32C9AB80A002CFB10 /* XCRemoteSwiftPackageReference "SDWebImageSwiftUI" */ = {
			isa = XCRemoteSwiftPackageReference;
			repositoryURL = "https://github.com/SDWebImage/SDWebImageSwiftUI.git";
			requirement = {
				kind = upToNextMajorVersion;
				minimumVersion = 3.1.2;
			};
		};
/* End XCRemoteSwiftPackageReference section */

/* Begin XCSwiftPackageProductDependency section */
		5F74EAFD2C9AB4DD00BFCD5E /* FirebaseDatabase */ = {
			isa = XCSwiftPackageProductDependency;
			package = 5F74EAFC2C9AB4DD00BFCD5E /* XCRemoteSwiftPackageReference "firebase-ios-sdk" */;
			productName = FirebaseDatabase;
		};
		5FE81DE02C9ABA27002CFB10 /* SDWebImageSwiftUI */ = {
			isa = XCSwiftPackageProductDependency;
			package = 5FE81DD32C9AB80A002CFB10 /* XCRemoteSwiftPackageReference "SDWebImageSwiftUI" */;
			productName = SDWebImageSwiftUI;
		};
/* End XCSwiftPackageProductDependency section */
	};
	rootObject = 5F74EAC32C9AB2B700BFCD5E /* Project object */;
}
